
Microsoft Visual Studio Solution File, Format Version 12.00
# Visual Studio Version 17
VisualStudioVersion = 17.9.34723.18
MinimumVisualStudioVersion = 10.0.40219.1
Project("{FAE04EC0-301F-11D3-BF4B-00C04F79EFBC}") = "Hack2024", "Hack2024.csproj", "{374291C9-8E42-4F5D-8ECD-C0062159B22C}"
EndProject
Global
	GlobalSection(SolutionConfigurationPlatforms) = preSolution
		Debug|Any CPU = Debug|Any CPU
		Release|Any CPU = Release|Any CPU
	EndGlobalSection
	GlobalSection(ProjectConfigurationPlatforms) = postSolution
		{374291C9-8E42-4F5D-8ECD-C0062159B22C}.Debug|Any CPU.ActiveCfg = Debug|Any CPU
		{374291C9-8E42-4F5D-8ECD-C0062159B22C}.Debug|Any CPU.Build.0 = Debug|Any CPU
		{374291C9-8E42-4F5D-8ECD-C0062159B22C}.Release|Any CPU.ActiveCfg = Release|Any CPU
		{374291C9-8E42-4F5D-8ECD-C0062159B22C}.Release|Any CPU.Build.0 = Release|Any CPU
	EndGlobalSection
	GlobalSection(SolutionProperties) = preSolution
		HideSolutionNode = FALSE
	EndGlobalSection
	GlobalSection(ExtensibilityGlobals) = postSolution
		SolutionGuid = {BDBB7A75-98FE-433D-9D61-AA8C2D7C0380}
	EndGlobalSection
EndGlobal
